
Microsoft Visual Studio Solution File, Format Version 12.00
# Visual Studio Version 17
VisualStudioVersion = 17.7.34031.279
MinimumVisualStudioVersion = 10.0.40219.1
Project("{FAE04EC0-301F-11D3-BF4B-00C04F79EFBC}") = "ConsoleApp1", "ConsoleApp1\ConsoleApp1.csproj", "{960E4A51-4720-4139-8E5A-407DF67F9404}"
EndProject
Global
	GlobalSection(SolutionConfigurationPlatforms) = preSolution
		Debug|Any CPU = Debug|Any CPU
		Release|Any CPU = Release|Any CPU
	EndGlobalSection
	GlobalSection(ProjectConfigurationPlatforms) = postSolution
		{960E4A51-4720-4139-8E5A-407DF67F9404}.Debug|Any CPU.ActiveCfg = Debug|Any CPU
		{960E4A51-4720-4139-8E5A-407DF67F9404}.Debug|Any CPU.Build.0 = Debug|Any CPU
		{960E4A51-4720-4139-8E5A-407DF67F9404}.Release|Any CPU.ActiveCfg = Release|Any CPU
		{960E4A51-4720-4139-8E5A-407DF67F9404}.Release|Any CPU.Build.0 = Release|Any CPU
	EndGlobalSection
	GlobalSection(SolutionProperties) = preSolution
		HideSolutionNode = FALSE
	EndGlobalSection
	GlobalSection(ExtensibilityGlobals) = postSolution
		SolutionGuid = {129E0B20-E354-46C7-8208-9020DBCF6B73}
	EndGlobalSection
EndGlobal
