
Microsoft Visual Studio Solution File, Format Version 12.00
# Visual Studio Version 17
VisualStudioVersion = 17.11.35327.3
MinimumVisualStudioVersion = 10.0.40219.1
Project("{FAE04EC0-301F-11D3-BF4B-00C04F79EFBC}") = "ConsoleApp12", "ConsoleApp12\ConsoleApp12.csproj", "{5039047D-DE74-4525-88A1-88D2EF1375AE}"
EndProject
Global
	GlobalSection(SolutionConfigurationPlatforms) = preSolution
		Debug|Any CPU = Debug|Any CPU
		Release|Any CPU = Release|Any CPU
	EndGlobalSection
	GlobalSection(ProjectConfigurationPlatforms) = postSolution
		{5039047D-DE74-4525-88A1-88D2EF1375AE}.Debug|Any CPU.ActiveCfg = Debug|Any CPU
		{5039047D-DE74-4525-88A1-88D2EF1375AE}.Debug|Any CPU.Build.0 = Debug|Any CPU
		{5039047D-DE74-4525-88A1-88D2EF1375AE}.Release|Any CPU.ActiveCfg = Release|Any CPU
		{5039047D-DE74-4525-88A1-88D2EF1375AE}.Release|Any CPU.Build.0 = Release|Any CPU
	EndGlobalSection
	GlobalSection(SolutionProperties) = preSolution
		HideSolutionNode = FALSE
	EndGlobalSection
	GlobalSection(ExtensibilityGlobals) = postSolution
		SolutionGuid = {B453EF89-1A54-4031-9975-3912C6B90A32}
	EndGlobalSection
EndGlobal
